# Code generated by scarb DO NOT EDIT.
version = 1

[[package]]
name = "cubit"
version = "1.3.0"
source = "git+https://github.com/dojoengine/cubit?branch=cairo_2.7#53020b6320a10f2ab55b661be9b8d895aca945e9"

[[package]]
name = "dojo"
version = "0.7.3"
source = "git+https://github.com/dojoengine/dojo?tag=v1.0.0-alpha.3#a6a7724380169372336e886fb36f31f56e7d0d8a"
dependencies = [
 "dojo_plugin",
]

[[package]]
name = "dojo_plugin"
version = "0.7.3"
source = "git+https://github.com/dojoengine/dojo?rev=71b1f1a4#71b1f1a467534cbeeb901356f41e612ed4187bd1"

[[package]]
name = "origami_defi"
version = "0.1.0"
source = "git+https://github.com/dojoengine/origami?tag=v1.0.0-alpha.3#65a1e49549ec962cb0467962a10f69526837784d"
dependencies = [
 "cubit",
]

[[package]]
name = "origami_token"
version = "1.0.0-alpha.0"
source = "git+https://github.com/dojoengine/origami?tag=v1.0.0-alpha.3#65a1e49549ec962cb0467962a10f69526837784d"
dependencies = [
 "dojo",
]

[[package]]
name = "risingrevenant"
version = "0.4.0"
dependencies = [
 "cubit",
 "dojo",
 "origami_defi",
 "origami_token",
]
