# Code generated by scarb DO NOT EDIT.
version = 1

[[package]]
name = "cartridge_vrf"
version = "0.1.0"
source = "git+https://github.com/cartridge-gg/vrf-server#284f498a551b3b831efd8788d97bc6f76127e27e"
dependencies = [
 "openzeppelin",
 "snforge_std",
 "stark_vrf",
]

[[package]]
name = "cubit"
version = "1.3.0"
source = "git+https://github.com/dojoengine/cubit?branch=update_to_2.7.0#075bf5a317452cd59aaf5bd1c044689220361c66"

[[package]]
name = "dojo"
version = "1.0.0-alpha.4"
source = "git+https://github.com/dojoengine/dojo?tag=v1.0.0-alpha.16#3b3a78cd8239ca2ee524c49c83f36db4d79cb4bc"

[[package]]
name = "openzeppelin"
version = "0.15.0-rc.0"
source = "git+https://github.com/OpenZeppelin/cairo-contracts?rev=a13bae3#a13bae3390a7114a8c14c0352c6898eff5f4f5d7"
dependencies = [
 "openzeppelin_access",
 "openzeppelin_account",
 "openzeppelin_governance",
 "openzeppelin_introspection",
 "openzeppelin_presets",
 "openzeppelin_security",
 "openzeppelin_token",
 "openzeppelin_upgrades",
 "openzeppelin_utils",
]

[[package]]
name = "openzeppelin_access"
version = "0.15.0-rc.0"
source = "git+https://github.com/OpenZeppelin/cairo-contracts?rev=a13bae3#a13bae3390a7114a8c14c0352c6898eff5f4f5d7"
dependencies = [
 "openzeppelin_introspection",
 "openzeppelin_utils",
]

[[package]]
name = "openzeppelin_account"
version = "0.15.0-rc.0"
source = "git+https://github.com/OpenZeppelin/cairo-contracts?rev=a13bae3#a13bae3390a7114a8c14c0352c6898eff5f4f5d7"
dependencies = [
 "openzeppelin_introspection",
 "openzeppelin_token",
 "openzeppelin_utils",
]

[[package]]
name = "openzeppelin_governance"
version = "0.15.0-rc.0"
source = "git+https://github.com/OpenZeppelin/cairo-contracts?rev=a13bae3#a13bae3390a7114a8c14c0352c6898eff5f4f5d7"
dependencies = [
 "openzeppelin_access",
 "openzeppelin_introspection",
]

[[package]]
name = "openzeppelin_introspection"
version = "0.15.0-rc.0"
source = "git+https://github.com/OpenZeppelin/cairo-contracts?rev=a13bae3#a13bae3390a7114a8c14c0352c6898eff5f4f5d7"

[[package]]
name = "openzeppelin_presets"
version = "0.15.0-rc.0"
source = "git+https://github.com/OpenZeppelin/cairo-contracts?rev=a13bae3#a13bae3390a7114a8c14c0352c6898eff5f4f5d7"
dependencies = [
 "openzeppelin_access",
 "openzeppelin_account",
 "openzeppelin_introspection",
 "openzeppelin_token",
 "openzeppelin_upgrades",
]

[[package]]
name = "openzeppelin_security"
version = "0.15.0-rc.0"
source = "git+https://github.com/OpenZeppelin/cairo-contracts?rev=a13bae3#a13bae3390a7114a8c14c0352c6898eff5f4f5d7"

[[package]]
name = "openzeppelin_token"
version = "0.15.0-rc.0"
source = "git+https://github.com/OpenZeppelin/cairo-contracts?rev=a13bae3#a13bae3390a7114a8c14c0352c6898eff5f4f5d7"
dependencies = [
 "openzeppelin_account",
 "openzeppelin_governance",
 "openzeppelin_introspection",
]

[[package]]
name = "openzeppelin_upgrades"
version = "0.15.0-rc.0"
source = "git+https://github.com/OpenZeppelin/cairo-contracts?rev=a13bae3#a13bae3390a7114a8c14c0352c6898eff5f4f5d7"

[[package]]
name = "openzeppelin_utils"
version = "0.15.0-rc.0"
source = "git+https://github.com/OpenZeppelin/cairo-contracts?rev=a13bae3#a13bae3390a7114a8c14c0352c6898eff5f4f5d7"

[[package]]
name = "origami_defi"
version = "1.0.0-alpha.16"
source = "git+https://github.com/dojoengine/origami?tag=v1.0.0-alpha.16#cbdb23c7d082bdfe77d1ca9bfb4b711ba965971c"
dependencies = [
 "cubit",
]

[[package]]
name = "rising_revenant"
version = "0.4.0"
dependencies = [
 "cartridge_vrf",
 "cubit",
 "dojo",
 "openzeppelin_token",
 "origami_defi",
 "rr_tokens",
 "tokens",
]

[[package]]
name = "rr_tokens"
version = "0.1.0"

[[package]]
name = "snforge_std"
version = "0.26.0"
source = "git+https://github.com/foundry-rs/starknet-foundry.git?tag=v0.26.0#50eb589db65e113efe4f09241feb59b574228c7e"

[[package]]
name = "stark_vrf"
version = "0.1.0"
source = "git+https://github.com/dojoengine/stark-vrf.git#96d6d2a88b1ef46c4a285d0ccc334237205edae3"

[[package]]
name = "tokens"
version = "0.1.0"
source = "git+https://github.com/bengineer42/cairo-tokens#7b15a0175982d60cd37e06caec77fc8aa762f77e"
