# Code generated by scarb DO NOT EDIT.
version = 1

[[package]]
name = "cubit"
version = "1.3.0"
source = "git+https://github.com/bengineer42/cubit?tag=cairo--2.8.0#32a20af893b3e26e6f5cf436c509457d6500ca5c"

[[package]]
name = "dojo"
version = "1.6.0-alpha.1"
source = "git+https://github.com/dojoengine/dojo?tag=v1.7.0-alpha.0#4cedf3f52d2ed1505cd66bfac5e5cf3225ebdf39"
dependencies = [
 "dojo_macros",
]

[[package]]
name = "dojo_macros"
version = "1.6.0-alpha.1"
source = "git+https://github.com/dojoengine/dojo?tag=v1.7.0-alpha.0#4cedf3f52d2ed1505cd66bfac5e5cf3225ebdf39"

[[package]]
name = "openzeppelin_access"
version = "2.0.0"
source = "registry+https://scarbs.xyz/"
checksum = "sha256:511681dd26d814ee2bc996d44ff8cb4aaa5ae9d14272130def7eb901cf004850"
dependencies = [
 "openzeppelin_introspection",
]

[[package]]
name = "openzeppelin_account"
version = "2.0.0"
source = "registry+https://scarbs.xyz/"
checksum = "sha256:fb3381c50d68b028d3801feb43df378e2bd62137b6884844f8f60aefe796188b"
dependencies = [
 "openzeppelin_introspection",
 "openzeppelin_utils",
]

[[package]]
name = "openzeppelin_introspection"
version = "2.0.0"
source = "registry+https://scarbs.xyz/"
checksum = "sha256:87773ed6cd2318f169283ecbbb161890d1996260a80302d81ec45b70ee5e54c1"

[[package]]
name = "openzeppelin_token"
version = "2.0.0"
source = "registry+https://scarbs.xyz/"
checksum = "sha256:6fe61f63b5a6706018265fb7373b6e5bd3ff829bdc760b2b90296b1e708d180c"
dependencies = [
 "openzeppelin_access",
 "openzeppelin_account",
 "openzeppelin_introspection",
 "openzeppelin_utils",
]

[[package]]
name = "openzeppelin_utils"
version = "2.0.0"
source = "registry+https://scarbs.xyz/"
checksum = "sha256:bf799c794139837f397975ffdf6a7ed5032d198bbf70e87a8f44f144a9dfc505"

[[package]]
name = "rising_revenant"
version = "0.9.0"
dependencies = [
 "cubit",
 "dojo",
 "dojo_macros",
 "openzeppelin_access",
 "openzeppelin_introspection",
 "openzeppelin_token",
]
