# Code generated by scarb DO NOT EDIT.
version = 1

[[package]]
name = "cubit"
version = "1.2.0"
source = "git+https://github.com/influenceth/cubit?rev=b459053#b4590530d5aeae9aabd36740cc2a3d9e6adc5fde"

[[package]]
name = "dojo"
version = "0.3.15"
source = "git+https://github.com/dojoengine/dojo?tag=v0.3.15#cdbaca4121b1642e1a8ca40d6831bad73d28ed26"
dependencies = [
 "dojo_plugin",
]

[[package]]
name = "dojo_plugin"
version = "0.3.11"
source = "git+https://github.com/dojoengine/dojo?tag=v0.3.11#1e651b5d4d3b79b14a7d8aa29a92062fcb9e6659"

[[package]]
name = "openzeppelin"
version = "0.8.0-rc.0"
source = "git+https://github.com/OpenZeppelin/cairo-contracts.git?rev=a8edfb80987c9b2e758e5e4d6763b8f8789d3e94#a8edfb80987c9b2e758e5e4d6763b8f8789d3e94"

[[package]]
name = "origami"
version = "0.0.0"
source = "git+https://github.com/dojoengine/origami.git?rev=eb52cb6c4cc3ab86fa695606d269bc9143ae8a29#eb52cb6c4cc3ab86fa695606d269bc9143ae8a29"
dependencies = [
 "cubit",
 "dojo",
]

[[package]]
name = "realmsrisingrevenant"
version = "0.2.3"
dependencies = [
 "dojo",
 "openzeppelin",
 "origami",
]
